// !$*UTF8*$!
{
	archiveVersion = 1;
	classes = {
	};
	objectVersion = 50;
	objects = {

/* Begin PBXBuildFile section */
		27B214572665E25D006AD5C6 /* AppDelegate.swift in Sources */ = {isa = PBXBuildFile; fileRef = 27B214562665E25D006AD5C6 /* AppDelegate.swift */; };
		27B214592665E25D006AD5C6 /* SceneDelegate.swift in Sources */ = {isa = PBXBuildFile; fileRef = 27B214582665E25D006AD5C6 /* SceneDelegate.swift */; };
		27B2145B2665E25D006AD5C6 /* ViewController.swift in Sources */ = {isa = PBXBuildFile; fileRef = 27B2145A2665E25D006AD5C6 /* ViewController.swift */; };
		27B2145E2665E25D006AD5C6 /* Main.storyboard in Resources */ = {isa = PBXBuildFile; fileRef = 27B2145C2665E25D006AD5C6 /* Main.storyboard */; };
		27B214602665E25E006AD5C6 /* Assets.xcassets in Resources */ = {isa = PBXBuildFile; fileRef = 27B2145F2665E25E006AD5C6 /* Assets.xcassets */; };
		27B214632665E25E006AD5C6 /* LaunchScreen.storyboard in Resources */ = {isa = PBXBuildFile; fileRef = 27B214612665E25E006AD5C6 /* LaunchScreen.storyboard */; };
		27B2146E2665E25F006AD5C6 /* Scene_ActionSegueTests.swift in Sources */ = {isa = PBXBuildFile; fileRef = 27B2146D2665E25F006AD5C6 /* Scene_ActionSegueTests.swift */; };
		27B214792665E25F006AD5C6 /* Scene_ActionSegueUITests.swift in Sources */ = {isa = PBXBuildFile; fileRef = 27B214782665E25F006AD5C6 /* Scene_ActionSegueUITests.swift */; };
/* End PBXBuildFile section */

/* Begin PBXContainerItemProxy section */
		27B2146A2665E25F006AD5C6 /* PBXContainerItemProxy */ = {
			isa = PBXContainerItemProxy;
			containerPortal = 27B2144B2665E25D006AD5C6 /* Project object */;
			proxyType = 1;
			remoteGlobalIDString = 27B214522665E25D006AD5C6;
			remoteInfo = Scene_ActionSegue;
		};
		27B214752665E25F006AD5C6 /* PBXContainerItemProxy */ = {
			isa = PBXContainerItemProxy;
			containerPortal = 27B2144B2665E25D006AD5C6 /* Project object */;
			proxyType = 1;
			remoteGlobalIDString = 27B214522665E25D006AD5C6;
			remoteInfo = Scene_ActionSegue;
		};
/* End PBXContainerItemProxy section */

/* Begin PBXFileReference section */
		27B214532665E25D006AD5C6 /* Scene_ActionSegue.app */ = {isa = PBXFileReference; explicitFileType = wrapper.application; includeInIndex = 0; path = Scene_ActionSegue.app; sourceTree = BUILT_PRODUCTS_DIR; };
		27B214562665E25D006AD5C6 /* AppDelegate.swift */ = {isa = PBXFileReference; lastKnownFileType = sourcecode.swift; path = AppDelegate.swift; sourceTree = "<group>"; };
		27B214582665E25D006AD5C6 /* SceneDelegate.swift */ = {isa = PBXFileReference; lastKnownFileType = sourcecode.swift; path = SceneDelegate.swift; sourceTree = "<group>"; };
		27B2145A2665E25D006AD5C6 /* ViewController.swift */ = {isa = PBXFileReference; lastKnownFileType = sourcecode.swift; path = ViewController.swift; sourceTree = "<group>"; };
		27B2145D2665E25D006AD5C6 /* Base */ = {isa = PBXFileReference; lastKnownFileType = file.storyboard; name = Base; path = Base.lproj/Main.storyboard; sourceTree = "<group>"; };
		27B2145F2665E25E006AD5C6 /* Assets.xcassets */ = {isa = PBXFileReference; lastKnownFileType = folder.assetcatalog; path = Assets.xcassets; sourceTree = "<group>"; };
		27B214622665E25E006AD5C6 /* Base */ = {isa = PBXFileReference; lastKnownFileType = file.storyboard; name = Base; path = Base.lproj/LaunchScreen.storyboard; sourceTree = "<group>"; };
		27B214642665E25E006AD5C6 /* Info.plist */ = {isa = PBXFileReference; lastKnownFileType = text.plist.xml; path = Info.plist; sourceTree = "<group>"; };
		27B214692665E25F006AD5C6 /* Scene_ActionSegueTests.xctest */ = {isa = PBXFileReference; explicitFileType = wrapper.cfbundle; includeInIndex = 0; path = Scene_ActionSegueTests.xctest; sourceTree = BUILT_PRODUCTS_DIR; };
		27B2146D2665E25F006AD5C6 /* Scene_ActionSegueTests.swift */ = {isa = PBXFileReference; lastKnownFileType = sourcecode.swift; path = Scene_ActionSegueTests.swift; sourceTree = "<group>"; };
		27B2146F2665E25F006AD5C6 /* Info.plist */ = {isa = PBXFileReference; lastKnownFileType = text.plist.xml; name = Info.plist; path = Scene_ActionSegueTests/Info.plist; sourceTree = SOURCE_ROOT; };
		27B214742665E25F006AD5C6 /* Scene_ActionSegueUITests.xctest */ = {isa = PBXFileReference; explicitFileType = wrapper.cfbundle; includeInIndex = 0; path = Scene_ActionSegueUITests.xctest; sourceTree = BUILT_PRODUCTS_DIR; };
		27B214782665E25F006AD5C6 /* Scene_ActionSegueUITests.swift */ = {isa = PBXFileReference; lastKnownFileType = sourcecode.swift; path = Scene_ActionSegueUITests.swift; sourceTree = "<group>"; };
		27B2147A2665E25F006AD5C6 /* Info.plist */ = {isa = PBXFileReference; lastKnownFileType = text.plist.xml; path = Info.plist; sourceTree = "<group>"; };
/* End PBXFileReference section */

/* Begin PBXFrameworksBuildPhase section */
		27B214502665E25D006AD5C6 /* Frameworks */ = {
			isa = PBXFrameworksBuildPhase;
			buildActionMask = 2147483647;
			files = (
			);
			runOnlyForDeploymentPostprocessing = 0;
		};
		27B214662665E25F006AD5C6 /* Frameworks */ = {
			isa = PBXFrameworksBuildPhase;
			buildActionMask = 2147483647;
			files = (
			);
			runOnlyForDeploymentPostprocessing = 0;
		};
		27B214712665E25F006AD5C6 /* Frameworks */ = {
			isa = PBXFrameworksBuildPhase;
			buildActionMask = 2147483647;
			files = (
			);
			runOnlyForDeploymentPostprocessing = 0;
		};
/* End PBXFrameworksBuildPhase section */

/* Begin PBXGroup section */
		27B2144A2665E25D006AD5C6 = {
			isa = PBXGroup;
			children = (
				27B214552665E25D006AD5C6 /* Scene_ActionSegue */,
				27B2146C2665E25F006AD5C6 /* Scene_ActionSegueTests */,
				27B214772665E25F006AD5C6 /* Scene_ActionSegueUITests */,
				27B214542665E25D006AD5C6 /* Products */,
			);
			sourceTree = "<group>";
		};
		27B214542665E25D006AD5C6 /* Products */ = {
			isa = PBXGroup;
			children = (
				27B214532665E25D006AD5C6 /* Scene_ActionSegue.app */,
				27B214692665E25F006AD5C6 /* Scene_ActionSegueTests.xctest */,
				27B214742665E25F006AD5C6 /* Scene_ActionSegueUITests.xctest */,
			);
			name = Products;
			sourceTree = "<group>";
		};
		27B214552665E25D006AD5C6 /* Scene_ActionSegue */ = {
			isa = PBXGroup;
			children = (
				27B214562665E25D006AD5C6 /* AppDelegate.swift */,
				27B214582665E25D006AD5C6 /* SceneDelegate.swift */,
				27B2145A2665E25D006AD5C6 /* ViewController.swift */,
				27B2145C2665E25D006AD5C6 /* Main.storyboard */,
				27B2145F2665E25E006AD5C6 /* Assets.xcassets */,
				27B214612665E25E006AD5C6 /* LaunchScreen.storyboard */,
				27B2146F2665E25F006AD5C6 /* Info.plist */,
				27B214642665E25E006AD5C6 /* Info.plist */,
			);
			path = Scene_ActionSegue;
			sourceTree = "<group>";
		};
		27B2146C2665E25F006AD5C6 /* Scene_ActionSegueTests */ = {
			isa = PBXGroup;
			children = (
				27B2146D2665E25F006AD5C6 /* Scene_ActionSegueTests.swift */,
			);
			path = Scene_ActionSegueTests;
			sourceTree = "<group>";
		};
		27B214772665E25F006AD5C6 /* Scene_ActionSegueUITests */ = {
			isa = PBXGroup;
			children = (
				27B214782665E25F006AD5C6 /* Scene_ActionSegueUITests.swift */,
				27B2147A2665E25F006AD5C6 /* Info.plist */,
			);
			path = Scene_ActionSegueUITests;
			sourceTree = "<group>";
		};
/* End PBXGroup section */

/* Begin PBXNativeTarget section */
		27B214522665E25D006AD5C6 /* Scene_ActionSegue */ = {
			isa = PBXNativeTarget;
			buildConfigurationList = 27B2147D2665E25F006AD5C6 /* Build configuration list for PBXNativeTarget "Scene_ActionSegue" */;
			buildPhases = (
				27B2144F2665E25D006AD5C6 /* Sources */,
				27B214502665E25D006AD5C6 /* Frameworks */,
				27B214512665E25D006AD5C6 /* Resources */,
			);
			buildRules = (
			);
			dependencies = (
			);
			name = Scene_ActionSegue;
			productName = Scene_ActionSegue;
			productReference = 27B214532665E25D006AD5C6 /* Scene_ActionSegue.app */;
			productType = "com.apple.product-type.application";
		};
		27B214682665E25F006AD5C6 /* Scene_ActionSegueTests */ = {
			isa = PBXNativeTarget;
			buildConfigurationList = 27B214802665E25F006AD5C6 /* Build configuration list for PBXNativeTarget "Scene_ActionSegueTests" */;
			buildPhases = (
				27B214652665E25F006AD5C6 /* Sources */,
				27B214662665E25F006AD5C6 /* Frameworks */,
				27B214672665E25F006AD5C6 /* Resources */,
			);
			buildRules = (
			);
			dependencies = (
				27B2146B2665E25F006AD5C6 /* PBXTargetDependency */,
			);
			name = Scene_ActionSegueTests;
			productName = Scene_ActionSegueTests;
			productReference = 27B214692665E25F006AD5C6 /* Scene_ActionSegueTests.xctest */;
			productType = "com.apple.product-type.bundle.unit-test";
		};
		27B214732665E25F006AD5C6 /* Scene_ActionSegueUITests */ = {
			isa = PBXNativeTarget;
			buildConfigurationList = 27B214832665E25F006AD5C6 /* Build configuration list for PBXNativeTarget "Scene_ActionSegueUITests" */;
			buildPhases = (
				27B214702665E25F006AD5C6 /* Sources */,
				27B214712665E25F006AD5C6 /* Frameworks */,
				27B214722665E25F006AD5C6 /* Resources */,
			);
			buildRules = (
			);
			dependencies = (
				27B214762665E25F006AD5C6 /* PBXTargetDependency */,
			);
			name = Scene_ActionSegueUITests;
			productName = Scene_ActionSegueUITests;
			productReference = 27B214742665E25F006AD5C6 /* Scene_ActionSegueUITests.xctest */;
			productType = "com.apple.product-type.bundle.ui-testing";
		};
/* End PBXNativeTarget section */

/* Begin PBXProject section */
		27B2144B2665E25D006AD5C6 /* Project object */ = {
			isa = PBXProject;
			attributes = {
				LastSwiftUpdateCheck = 1240;
				LastUpgradeCheck = 1240;
				TargetAttributes = {
					27B214522665E25D006AD5C6 = {
						CreatedOnToolsVersion = 12.4;
					};
					27B214682665E25F006AD5C6 = {
						CreatedOnToolsVersion = 12.4;
						TestTargetID = 27B214522665E25D006AD5C6;
					};
					27B214732665E25F006AD5C6 = {
						CreatedOnToolsVersion = 12.4;
						TestTargetID = 27B214522665E25D006AD5C6;
					};
				};
			};
			buildConfigurationList = 27B2144E2665E25D006AD5C6 /* Build configuration list for PBXProject "Scene_ActionSegue" */;
			compatibilityVersion = "Xcode 9.3";
			developmentRegion = en;
			hasScannedForEncodings = 0;
			knownRegions = (
				en,
				Base,
			);
			mainGroup = 27B2144A2665E25D006AD5C6;
			productRefGroup = 27B214542665E25D006AD5C6 /* Products */;
			projectDirPath = "";
			projectRoot = "";
			targets = (
				27B214522665E25D006AD5C6 /* Scene_ActionSegue */,
				27B214682665E25F006AD5C6 /* Scene_ActionSegueTests */,
				27B214732665E25F006AD5C6 /* Scene_ActionSegueUITests */,
			);
		};
/* End PBXProject section */

/* Begin PBXResourcesBuildPhase section */
		27B214512665E25D006AD5C6 /* Resources */ = {
			isa = PBXResourcesBuildPhase;
			buildActionMask = 2147483647;
			files = (
				27B214632665E25E006AD5C6 /* LaunchScreen.storyboard in Resources */,
				27B214602665E25E006AD5C6 /* Assets.xcassets in Resources */,
				27B2145E2665E25D006AD5C6 /* Main.storyboard in Resources */,
			);
			runOnlyForDeploymentPostprocessing = 0;
		};
		27B214672665E25F006AD5C6 /* Resources */ = {
			isa = PBXResourcesBuildPhase;
			buildActionMask = 2147483647;
			files = (
			);
			runOnlyForDeploymentPostprocessing = 0;
		};
		27B214722665E25F006AD5C6 /* Resources */ = {
			isa = PBXResourcesBuildPhase;
			buildActionMask = 2147483647;
			files = (
			);
			runOnlyForDeploymentPostprocessing = 0;
		};
/* End PBXResourcesBuildPhase section */

/* Begin PBXSourcesBuildPhase section */
		27B2144F2665E25D006AD5C6 /* Sources */ = {
			isa = PBXSourcesBuildPhase;
			buildActionMask = 2147483647;
			files = (
				27B2145B2665E25D006AD5C6 /* ViewController.swift in Sources */,
				27B214572665E25D006AD5C6 /* AppDelegate.swift in Sources */,
				27B214592665E25D006AD5C6 /* SceneDelegate.swift in Sources */,
			);
			runOnlyForDeploymentPostprocessing = 0;
		};
		27B214652665E25F006AD5C6 /* Sources */ = {
			isa = PBXSourcesBuildPhase;
			buildActionMask = 2147483647;
			files = (
				27B2146E2665E25F006AD5C6 /* Scene_ActionSegueTests.swift in Sources */,
			);
			runOnlyForDeploymentPostprocessing = 0;
		};
		27B214702665E25F006AD5C6 /* Sources */ = {
			isa = PBXSourcesBuildPhase;
			buildActionMask = 2147483647;
			files = (
				27B214792665E25F006AD5C6 /* Scene_ActionSegueUITests.swift in Sources */,
			);
			runOnlyForDeploymentPostprocessing = 0;
		};
/* End PBXSourcesBuildPhase section */

/* Begin PBXTargetDependency section */
		27B2146B2665E25F006AD5C6 /* PBXTargetDependency */ = {
			isa = PBXTargetDependency;
			target = 27B214522665E25D006AD5C6 /* Scene_ActionSegue */;
			targetProxy = 27B2146A2665E25F006AD5C6 /* PBXContainerItemProxy */;
		};
		27B214762665E25F006AD5C6 /* PBXTargetDependency */ = {
			isa = PBXTargetDependency;
			target = 27B214522665E25D006AD5C6 /* Scene_ActionSegue */;
			targetProxy = 27B214752665E25F006AD5C6 /* PBXContainerItemProxy */;
		};
/* End PBXTargetDependency section */

/* Begin PBXVariantGroup section */
		27B2145C2665E25D006AD5C6 /* Main.storyboard */ = {
			isa = PBXVariantGroup;
			children = (
				27B2145D2665E25D006AD5C6 /* Base */,
			);
			name = Main.storyboard;
			sourceTree = "<group>";
		};
		27B214612665E25E006AD5C6 /* LaunchScreen.storyboard */ = {
			isa = PBXVariantGroup;
			children = (
				27B214622665E25E006AD5C6 /* Base */,
			);
			name = LaunchScreen.storyboard;
			sourceTree = "<group>";
		};
/* End PBXVariantGroup section */

/* Begin XCBuildConfiguration section */
		27B2147B2665E25F006AD5C6 /* Debug */ = {
			isa = XCBuildConfiguration;
			buildSettings = {
				ALWAYS_SEARCH_USER_PATHS = NO;
				CLANG_ANALYZER_NONNULL = YES;
				CLANG_ANALYZER_NUMBER_OBJECT_CONVERSION = YES_AGGRESSIVE;
				CLANG_CXX_LANGUAGE_STANDARD = "gnu++14";
				CLANG_CXX_LIBRARY = "libc++";
				CLANG_ENABLE_MODULES = YES;
				CLANG_ENABLE_OBJC_ARC = YES;
				CLANG_ENABLE_OBJC_WEAK = YES;
				CLANG_WARN_BLOCK_CAPTURE_AUTORELEASING = YES;
				CLANG_WARN_BOOL_CONVERSION = YES;
				CLANG_WARN_COMMA = YES;
				CLANG_WARN_CONSTANT_CONVERSION = YES;
				CLANG_WARN_DEPRECATED_OBJC_IMPLEMENTATIONS = YES;
				CLANG_WARN_DIRECT_OBJC_ISA_USAGE = YES_ERROR;
				CLANG_WARN_DOCUMENTATION_COMMENTS = YES;
				CLANG_WARN_EMPTY_BODY = YES;
				CLANG_WARN_ENUM_CONVERSION = YES;
				CLANG_WARN_INFINITE_RECURSION = YES;
				CLANG_WARN_INT_CONVERSION = YES;
				CLANG_WARN_NON_LITERAL_NULL_CONVERSION = YES;
				CLANG_WARN_OBJC_IMPLICIT_RETAIN_SELF = YES;
				CLANG_WARN_OBJC_LITERAL_CONVERSION = YES;
				CLANG_WARN_OBJC_ROOT_CLASS = YES_ERROR;
				CLANG_WARN_QUOTED_INCLUDE_IN_FRAMEWORK_HEADER = YES;
				CLANG_WARN_RANGE_LOOP_ANALYSIS = YES;
				CLANG_WARN_STRICT_PROTOTYPES = YES;
				CLANG_WARN_SUSPICIOUS_MOVE = YES;
				CLANG_WARN_UNGUARDED_AVAILABILITY = YES_AGGRESSIVE;
				CLANG_WARN_UNREACHABLE_CODE = YES;
				CLANG_WARN__DUPLICATE_METHOD_MATCH = YES;
				COPY_PHASE_STRIP = NO;
				DEBUG_INFORMATION_FORMAT = dwarf;
				ENABLE_STRICT_OBJC_MSGSEND = YES;
				ENABLE_TESTABILITY = YES;
				GCC_C_LANGUAGE_STANDARD = gnu11;
				GCC_DYNAMIC_NO_PIC = NO;
				GCC_NO_COMMON_BLOCKS = YES;
				GCC_OPTIMIZATION_LEVEL = 0;
				GCC_PREPROCESSOR_DEFINITIONS = (
					"DEBUG=1",
					"$(inherited)",
				);
				GCC_WARN_64_TO_32_BIT_CONVERSION = YES;
				GCC_WARN_ABOUT_RETURN_TYPE = YES_ERROR;
				GCC_WARN_UNDECLARED_SELECTOR = YES;
				GCC_WARN_UNINITIALIZED_AUTOS = YES_AGGRESSIVE;
				GCC_WARN_UNUSED_FUNCTION = YES;
				GCC_WARN_UNUSED_VARIABLE = YES;
				IPHONEOS_DEPLOYMENT_TARGET = 14.4;
				MTL_ENABLE_DEBUG_INFO = INCLUDE_SOURCE;
				MTL_FAST_MATH = YES;
				ONLY_ACTIVE_ARCH = YES;
				SDKROOT = iphoneos;
				SWIFT_ACTIVE_COMPILATION_CONDITIONS = DEBUG;
				SWIFT_OPTIMIZATION_LEVEL = "-Onone";
			};
			name = Debug;
		};
		27B2147C2665E25F006AD5C6 /* Release */ = {
			isa = XCBuildConfiguration;
			buildSettings = {
				ALWAYS_SEARCH_USER_PATHS = NO;
				CLANG_ANALYZER_NONNULL = YES;
				CLANG_ANALYZER_NUMBER_OBJECT_CONVERSION = YES_AGGRESSIVE;
				CLANG_CXX_LANGUAGE_STANDARD = "gnu++14";
				CLANG_CXX_LIBRARY = "libc++";
				CLANG_ENABLE_MODULES = YES;
				CLANG_ENABLE_OBJC_ARC = YES;
				CLANG_ENABLE_OBJC_WEAK = YES;
				CLANG_WARN_BLOCK_CAPTURE_AUTORELEASING = YES;
				CLANG_WARN_BOOL_CONVERSION = YES;
				CLANG_WARN_COMMA = YES;
				CLANG_WARN_CONSTANT_CONVERSION = YES;
				CLANG_WARN_DEPRECATED_OBJC_IMPLEMENTATIONS = YES;
				CLANG_WARN_DIRECT_OBJC_ISA_USAGE = YES_ERROR;
				CLANG_WARN_DOCUMENTATION_COMMENTS = YES;
				CLANG_WARN_EMPTY_BODY = YES;
				CLANG_WARN_ENUM_CONVERSION = YES;
				CLANG_WARN_INFINITE_RECURSION = YES;
				CLANG_WARN_INT_CONVERSION = YES;
				CLANG_WARN_NON_LITERAL_NULL_CONVERSION = YES;
				CLANG_WARN_OBJC_IMPLICIT_RETAIN_SELF = YES;
				CLANG_WARN_OBJC_LITERAL_CONVERSION = YES;
				CLANG_WARN_OBJC_ROOT_CLASS = YES_ERROR;
				CLANG_WARN_QUOTED_INCLUDE_IN_FRAMEWORK_HEADER = YES;
				CLANG_WARN_RANGE_LOOP_ANALYSIS = YES;
				CLANG_WARN_STRICT_PROTOTYPES = YES;
				CLANG_WARN_SUSPICIOUS_MOVE = YES;
				CLANG_WARN_UNGUARDED_AVAILABILITY = YES_AGGRESSIVE;
				CLANG_WARN_UNREACHABLE_CODE = YES;
				CLANG_WARN__DUPLICATE_METHOD_MATCH = YES;
				COPY_PHASE_STRIP = NO;
				DEBUG_INFORMATION_FORMAT = "dwarf-with-dsym";
				ENABLE_NS_ASSERTIONS = NO;
				ENABLE_STRICT_OBJC_MSGSEND = YES;
				GCC_C_LANGUAGE_STANDARD = gnu11;
				GCC_NO_COMMON_BLOCKS = YES;
				GCC_WARN_64_TO_32_BIT_CONVERSION = YES;
				GCC_WARN_ABOUT_RETURN_TYPE = YES_ERROR;
				GCC_WARN_UNDECLARED_SELECTOR = YES;
				GCC_WARN_UNINITIALIZED_AUTOS = YES_AGGRESSIVE;
				GCC_WARN_UNUSED_FUNCTION = YES;
				GCC_WARN_UNUSED_VARIABLE = YES;
				IPHONEOS_DEPLOYMENT_TARGET = 14.4;
				MTL_ENABLE_DEBUG_INFO = NO;
				MTL_FAST_MATH = YES;
				SDKROOT = iphoneos;
				SWIFT_COMPILATION_MODE = wholemodule;
				SWIFT_OPTIMIZATION_LEVEL = "-O";
				VALIDATE_PRODUCT = YES;
			};
			name = Release;
		};
		27B2147E2665E25F006AD5C6 /* Debug */ = {
			isa = XCBuildConfiguration;
			buildSettings = {
				ASSETCATALOG_COMPILER_APPICON_NAME = AppIcon;
				ASSETCATALOG_COMPILER_GLOBAL_ACCENT_COLOR_NAME = AccentColor;
				CODE_SIGN_STYLE = Automatic;
				INFOPLIST_FILE = Scene_ActionSegue/Info.plist;
				LD_RUNPATH_SEARCH_PATHS = (
					"$(inherited)",
					"@executable_path/Frameworks",
				);
				PRODUCT_BUNDLE_IDENTIFIER = "com.jackpark.Scene-ActionSegue";
				PRODUCT_NAME = "$(TARGET_NAME)";
				SWIFT_VERSION = 5.0;
				TARGETED_DEVICE_FAMILY = "1,2";
			};
			name = Debug;
		};
		27B2147F2665E25F006AD5C6 /* Release */ = {
			isa = XCBuildConfiguration;
			buildSettings = {
				ASSETCATALOG_COMPILER_APPICON_NAME = AppIcon;
				ASSETCATALOG_COMPILER_GLOBAL_ACCENT_COLOR_NAME = AccentColor;
				CODE_SIGN_STYLE = Automatic;
				INFOPLIST_FILE = Scene_ActionSegue/Info.plist;
				LD_RUNPATH_SEARCH_PATHS = (
					"$(inherited)",
					"@executable_path/Frameworks",
				);
				PRODUCT_BUNDLE_IDENTIFIER = "com.jackpark.Scene-ActionSegue";
				PRODUCT_NAME = "$(TARGET_NAME)";
				SWIFT_VERSION = 5.0;
				TARGETED_DEVICE_FAMILY = "1,2";
			};
			name = Release;
		};
		27B214812665E25F006AD5C6 /* Debug */ = {
			isa = XCBuildConfiguration;
			buildSettings = {
				ALWAYS_EMBED_SWIFT_STANDARD_LIBRARIES = YES;
				BUNDLE_LOADER = "$(TEST_HOST)";
				CODE_SIGN_STYLE = Automatic;
				INFOPLIST_FILE = Scene_ActionSegueTests/Info.plist;
				IPHONEOS_DEPLOYMENT_TARGET = 14.4;
				LD_RUNPATH_SEARCH_PATHS = (
					"$(inherited)",
					"@executable_path/Frameworks",
					"@loader_path/Frameworks",
				);
				PRODUCT_BUNDLE_IDENTIFIER = "com.jackpark.Scene-ActionSegueTests";
				PRODUCT_NAME = "$(TARGET_NAME)";
				SWIFT_VERSION = 5.0;
				TARGETED_DEVICE_FAMILY = "1,2";
				TEST_HOST = "$(BUILT_PRODUCTS_DIR)/Scene_ActionSegue.app/Scene_ActionSegue";
			};
			name = Debug;
		};
		27B214822665E25F006AD5C6 /* Release */ = {
			isa = XCBuildConfiguration;
			buildSettings = {
				ALWAYS_EMBED_SWIFT_STANDARD_LIBRARIES = YES;
				BUNDLE_LOADER = "$(TEST_HOST)";
				CODE_SIGN_STYLE = Automatic;
				INFOPLIST_FILE = Scene_ActionSegueTests/Info.plist;
				IPHONEOS_DEPLOYMENT_TARGET = 14.4;
				LD_RUNPATH_SEARCH_PATHS = (
					"$(inherited)",
					"@executable_path/Frameworks",
					"@loader_path/Frameworks",
				);
				PRODUCT_BUNDLE_IDENTIFIER = "com.jackpark.Scene-ActionSegueTests";
				PRODUCT_NAME = "$(TARGET_NAME)";
				SWIFT_VERSION = 5.0;
				TARGETED_DEVICE_FAMILY = "1,2";
				TEST_HOST = "$(BUILT_PRODUCTS_DIR)/Scene_ActionSegue.app/Scene_ActionSegue";
			};
			name = Release;
		};
		27B214842665E25F006AD5C6 /* Debug */ = {
			isa = XCBuildConfiguration;
			buildSettings = {
				ALWAYS_EMBED_SWIFT_STANDARD_LIBRARIES = YES;
				CODE_SIGN_STYLE = Automatic;
				INFOPLIST_FILE = Scene_ActionSegueUITests/Info.plist;
				LD_RUNPATH_SEARCH_PATHS = (
					"$(inherited)",
					"@executable_path/Frameworks",
					"@loader_path/Frameworks",
				);
				PRODUCT_BUNDLE_IDENTIFIER = "com.jackpark.Scene-ActionSegueUITests";
				PRODUCT_NAME = "$(TARGET_NAME)";
				SWIFT_VERSION = 5.0;
				TARGETED_DEVICE_FAMILY = "1,2";
				TEST_TARGET_NAME = Scene_ActionSegue;
			};
			name = Debug;
		};
		27B214852665E25F006AD5C6 /* Release */ = {
			isa = XCBuildConfiguration;
			buildSettings = {
				ALWAYS_EMBED_SWIFT_STANDARD_LIBRARIES = YES;
				CODE_SIGN_STYLE = Automatic;
				INFOPLIST_FILE = Scene_ActionSegueUITests/Info.plist;
				LD_RUNPATH_SEARCH_PATHS = (
					"$(inherited)",
					"@executable_path/Frameworks",
					"@loader_path/Frameworks",
				);
				PRODUCT_BUNDLE_IDENTIFIER = "com.jackpark.Scene-ActionSegueUITests";
				PRODUCT_NAME = "$(TARGET_NAME)";
				SWIFT_VERSION = 5.0;
				TARGETED_DEVICE_FAMILY = "1,2";
				TEST_TARGET_NAME = Scene_ActionSegue;
			};
			name = Release;
		};
/* End XCBuildConfiguration section */

/* Begin XCConfigurationList section */
		27B2144E2665E25D006AD5C6 /* Build configuration list for PBXProject "Scene_ActionSegue" */ = {
			isa = XCConfigurationList;
			buildConfigurations = (
				27B2147B2665E25F006AD5C6 /* Debug */,
				27B2147C2665E25F006AD5C6 /* Release */,
			);
			defaultConfigurationIsVisible = 0;
			defaultConfigurationName = Release;
		};
		27B2147D2665E25F006AD5C6 /* Build configuration list for PBXNativeTarget "Scene_ActionSegue" */ = {
			isa = XCConfigurationList;
			buildConfigurations = (
				27B2147E2665E25F006AD5C6 /* Debug */,
				27B2147F2665E25F006AD5C6 /* Release */,
			);
			defaultConfigurationIsVisible = 0;
			defaultConfigurationName = Release;
		};
		27B214802665E25F006AD5C6 /* Build configuration list for PBXNativeTarget "Scene_ActionSegueTests" */ = {
			isa = XCConfigurationList;
			buildConfigurations = (
				27B214812665E25F006AD5C6 /* Debug */,
				27B214822665E25F006AD5C6 /* Release */,
			);
			defaultConfigurationIsVisible = 0;
			defaultConfigurationName = Release;
		};
		27B214832665E25F006AD5C6 /* Build configuration list for PBXNativeTarget "Scene_ActionSegueUITests" */ = {
			isa = XCConfigurationList;
			buildConfigurations = (
				27B214842665E25F006AD5C6 /* Debug */,
				27B214852665E25F006AD5C6 /* Release */,
			);
			defaultConfigurationIsVisible = 0;
			defaultConfigurationName = Release;
		};
/* End XCConfigurationList section */
	};
	rootObject = 27B2144B2665E25D006AD5C6 /* Project object */;
}
