// !$*UTF8*$!
{
	archiveVersion = 1;
	classes = {
	};
	objectVersion = 50;
	objects = {

/* Begin PBXBuildFile section */
		2711C091265F4BFF00032EE9 /* AppDelegate.swift in Sources */ = {isa = PBXBuildFile; fileRef = 2711C090265F4BFF00032EE9 /* AppDelegate.swift */; };
		2711C093265F4BFF00032EE9 /* SceneDelegate.swift in Sources */ = {isa = PBXBuildFile; fileRef = 2711C092265F4BFF00032EE9 /* SceneDelegate.swift */; };
		2711C095265F4BFF00032EE9 /* ViewController.swift in Sources */ = {isa = PBXBuildFile; fileRef = 2711C094265F4BFF00032EE9 /* ViewController.swift */; };
		2711C098265F4BFF00032EE9 /* Main.storyboard in Resources */ = {isa = PBXBuildFile; fileRef = 2711C096265F4BFF00032EE9 /* Main.storyboard */; };
		2711C09A265F4C0000032EE9 /* Assets.xcassets in Resources */ = {isa = PBXBuildFile; fileRef = 2711C099265F4C0000032EE9 /* Assets.xcassets */; };
		2711C09D265F4C0000032EE9 /* LaunchScreen.storyboard in Resources */ = {isa = PBXBuildFile; fileRef = 2711C09B265F4C0000032EE9 /* LaunchScreen.storyboard */; };
		2711C0A8265F4C0000032EE9 /* Scene_Trans01Tests.swift in Sources */ = {isa = PBXBuildFile; fileRef = 2711C0A7265F4C0000032EE9 /* Scene_Trans01Tests.swift */; };
		2711C0B3265F4C0000032EE9 /* Scene_Trans01UITests.swift in Sources */ = {isa = PBXBuildFile; fileRef = 2711C0B2265F4C0000032EE9 /* Scene_Trans01UITests.swift */; };
/* End PBXBuildFile section */

/* Begin PBXContainerItemProxy section */
		2711C0A4265F4C0000032EE9 /* PBXContainerItemProxy */ = {
			isa = PBXContainerItemProxy;
			containerPortal = 2711C085265F4BFF00032EE9 /* Project object */;
			proxyType = 1;
			remoteGlobalIDString = 2711C08C265F4BFF00032EE9;
			remoteInfo = "Scene-Trans01";
		};
		2711C0AF265F4C0000032EE9 /* PBXContainerItemProxy */ = {
			isa = PBXContainerItemProxy;
			containerPortal = 2711C085265F4BFF00032EE9 /* Project object */;
			proxyType = 1;
			remoteGlobalIDString = 2711C08C265F4BFF00032EE9;
			remoteInfo = "Scene-Trans01";
		};
/* End PBXContainerItemProxy section */

/* Begin PBXFileReference section */
		2711C08D265F4BFF00032EE9 /* Scene-Trans01.app */ = {isa = PBXFileReference; explicitFileType = wrapper.application; includeInIndex = 0; path = "Scene-Trans01.app"; sourceTree = BUILT_PRODUCTS_DIR; };
		2711C090265F4BFF00032EE9 /* AppDelegate.swift */ = {isa = PBXFileReference; lastKnownFileType = sourcecode.swift; path = AppDelegate.swift; sourceTree = "<group>"; };
		2711C092265F4BFF00032EE9 /* SceneDelegate.swift */ = {isa = PBXFileReference; lastKnownFileType = sourcecode.swift; path = SceneDelegate.swift; sourceTree = "<group>"; };
		2711C094265F4BFF00032EE9 /* ViewController.swift */ = {isa = PBXFileReference; lastKnownFileType = sourcecode.swift; path = ViewController.swift; sourceTree = "<group>"; };
		2711C097265F4BFF00032EE9 /* Base */ = {isa = PBXFileReference; lastKnownFileType = file.storyboard; name = Base; path = Base.lproj/Main.storyboard; sourceTree = "<group>"; };
		2711C099265F4C0000032EE9 /* Assets.xcassets */ = {isa = PBXFileReference; lastKnownFileType = folder.assetcatalog; path = Assets.xcassets; sourceTree = "<group>"; };
		2711C09C265F4C0000032EE9 /* Base */ = {isa = PBXFileReference; lastKnownFileType = file.storyboard; name = Base; path = Base.lproj/LaunchScreen.storyboard; sourceTree = "<group>"; };
		2711C09E265F4C0000032EE9 /* Info.plist */ = {isa = PBXFileReference; lastKnownFileType = text.plist.xml; path = Info.plist; sourceTree = "<group>"; };
		2711C0A3265F4C0000032EE9 /* Scene-Trans01Tests.xctest */ = {isa = PBXFileReference; explicitFileType = wrapper.cfbundle; includeInIndex = 0; path = "Scene-Trans01Tests.xctest"; sourceTree = BUILT_PRODUCTS_DIR; };
		2711C0A7265F4C0000032EE9 /* Scene_Trans01Tests.swift */ = {isa = PBXFileReference; lastKnownFileType = sourcecode.swift; path = Scene_Trans01Tests.swift; sourceTree = "<group>"; };
		2711C0A9265F4C0000032EE9 /* Info.plist */ = {isa = PBXFileReference; lastKnownFileType = text.plist.xml; path = Info.plist; sourceTree = "<group>"; };
		2711C0AE265F4C0000032EE9 /* Scene-Trans01UITests.xctest */ = {isa = PBXFileReference; explicitFileType = wrapper.cfbundle; includeInIndex = 0; path = "Scene-Trans01UITests.xctest"; sourceTree = BUILT_PRODUCTS_DIR; };
		2711C0B2265F4C0000032EE9 /* Scene_Trans01UITests.swift */ = {isa = PBXFileReference; lastKnownFileType = sourcecode.swift; path = Scene_Trans01UITests.swift; sourceTree = "<group>"; };
		2711C0B4265F4C0000032EE9 /* Info.plist */ = {isa = PBXFileReference; lastKnownFileType = text.plist.xml; path = Info.plist; sourceTree = "<group>"; };
/* End PBXFileReference section */

/* Begin PBXFrameworksBuildPhase section */
		2711C08A265F4BFF00032EE9 /* Frameworks */ = {
			isa = PBXFrameworksBuildPhase;
			buildActionMask = 2147483647;
			files = (
			);
			runOnlyForDeploymentPostprocessing = 0;
		};
		2711C0A0265F4C0000032EE9 /* Frameworks */ = {
			isa = PBXFrameworksBuildPhase;
			buildActionMask = 2147483647;
			files = (
			);
			runOnlyForDeploymentPostprocessing = 0;
		};
		2711C0AB265F4C0000032EE9 /* Frameworks */ = {
			isa = PBXFrameworksBuildPhase;
			buildActionMask = 2147483647;
			files = (
			);
			runOnlyForDeploymentPostprocessing = 0;
		};
/* End PBXFrameworksBuildPhase section */

/* Begin PBXGroup section */
		2711C084265F4BFF00032EE9 = {
			isa = PBXGroup;
			children = (
				2711C08F265F4BFF00032EE9 /* Scene-Trans01 */,
				2711C0A6265F4C0000032EE9 /* Scene-Trans01Tests */,
				2711C0B1265F4C0000032EE9 /* Scene-Trans01UITests */,
				2711C08E265F4BFF00032EE9 /* Products */,
			);
			sourceTree = "<group>";
		};
		2711C08E265F4BFF00032EE9 /* Products */ = {
			isa = PBXGroup;
			children = (
				2711C08D265F4BFF00032EE9 /* Scene-Trans01.app */,
				2711C0A3265F4C0000032EE9 /* Scene-Trans01Tests.xctest */,
				2711C0AE265F4C0000032EE9 /* Scene-Trans01UITests.xctest */,
			);
			name = Products;
			sourceTree = "<group>";
		};
		2711C08F265F4BFF00032EE9 /* Scene-Trans01 */ = {
			isa = PBXGroup;
			children = (
				2711C090265F4BFF00032EE9 /* AppDelegate.swift */,
				2711C092265F4BFF00032EE9 /* SceneDelegate.swift */,
				2711C094265F4BFF00032EE9 /* ViewController.swift */,
				2711C096265F4BFF00032EE9 /* Main.storyboard */,
				2711C099265F4C0000032EE9 /* Assets.xcassets */,
				2711C09B265F4C0000032EE9 /* LaunchScreen.storyboard */,
				2711C09E265F4C0000032EE9 /* Info.plist */,
			);
			path = "Scene-Trans01";
			sourceTree = "<group>";
		};
		2711C0A6265F4C0000032EE9 /* Scene-Trans01Tests */ = {
			isa = PBXGroup;
			children = (
				2711C0A7265F4C0000032EE9 /* Scene_Trans01Tests.swift */,
				2711C0A9265F4C0000032EE9 /* Info.plist */,
			);
			path = "Scene-Trans01Tests";
			sourceTree = "<group>";
		};
		2711C0B1265F4C0000032EE9 /* Scene-Trans01UITests */ = {
			isa = PBXGroup;
			children = (
				2711C0B2265F4C0000032EE9 /* Scene_Trans01UITests.swift */,
				2711C0B4265F4C0000032EE9 /* Info.plist */,
			);
			path = "Scene-Trans01UITests";
			sourceTree = "<group>";
		};
/* End PBXGroup section */

/* Begin PBXNativeTarget section */
		2711C08C265F4BFF00032EE9 /* Scene-Trans01 */ = {
			isa = PBXNativeTarget;
			buildConfigurationList = 2711C0B7265F4C0000032EE9 /* Build configuration list for PBXNativeTarget "Scene-Trans01" */;
			buildPhases = (
				2711C089265F4BFF00032EE9 /* Sources */,
				2711C08A265F4BFF00032EE9 /* Frameworks */,
				2711C08B265F4BFF00032EE9 /* Resources */,
			);
			buildRules = (
			);
			dependencies = (
			);
			name = "Scene-Trans01";
			productName = "Scene-Trans01";
			productReference = 2711C08D265F4BFF00032EE9 /* Scene-Trans01.app */;
			productType = "com.apple.product-type.application";
		};
		2711C0A2265F4C0000032EE9 /* Scene-Trans01Tests */ = {
			isa = PBXNativeTarget;
			buildConfigurationList = 2711C0BA265F4C0000032EE9 /* Build configuration list for PBXNativeTarget "Scene-Trans01Tests" */;
			buildPhases = (
				2711C09F265F4C0000032EE9 /* Sources */,
				2711C0A0265F4C0000032EE9 /* Frameworks */,
				2711C0A1265F4C0000032EE9 /* Resources */,
			);
			buildRules = (
			);
			dependencies = (
				2711C0A5265F4C0000032EE9 /* PBXTargetDependency */,
			);
			name = "Scene-Trans01Tests";
			productName = "Scene-Trans01Tests";
			productReference = 2711C0A3265F4C0000032EE9 /* Scene-Trans01Tests.xctest */;
			productType = "com.apple.product-type.bundle.unit-test";
		};
		2711C0AD265F4C0000032EE9 /* Scene-Trans01UITests */ = {
			isa = PBXNativeTarget;
			buildConfigurationList = 2711C0BD265F4C0000032EE9 /* Build configuration list for PBXNativeTarget "Scene-Trans01UITests" */;
			buildPhases = (
				2711C0AA265F4C0000032EE9 /* Sources */,
				2711C0AB265F4C0000032EE9 /* Frameworks */,
				2711C0AC265F4C0000032EE9 /* Resources */,
			);
			buildRules = (
			);
			dependencies = (
				2711C0B0265F4C0000032EE9 /* PBXTargetDependency */,
			);
			name = "Scene-Trans01UITests";
			productName = "Scene-Trans01UITests";
			productReference = 2711C0AE265F4C0000032EE9 /* Scene-Trans01UITests.xctest */;
			productType = "com.apple.product-type.bundle.ui-testing";
		};
/* End PBXNativeTarget section */

/* Begin PBXProject section */
		2711C085265F4BFF00032EE9 /* Project object */ = {
			isa = PBXProject;
			attributes = {
				LastSwiftUpdateCheck = 1240;
				LastUpgradeCheck = 1240;
				TargetAttributes = {
					2711C08C265F4BFF00032EE9 = {
						CreatedOnToolsVersion = 12.4;
					};
					2711C0A2265F4C0000032EE9 = {
						CreatedOnToolsVersion = 12.4;
						TestTargetID = 2711C08C265F4BFF00032EE9;
					};
					2711C0AD265F4C0000032EE9 = {
						CreatedOnToolsVersion = 12.4;
						TestTargetID = 2711C08C265F4BFF00032EE9;
					};
				};
			};
			buildConfigurationList = 2711C088265F4BFF00032EE9 /* Build configuration list for PBXProject "Scene-Trans01" */;
			compatibilityVersion = "Xcode 9.3";
			developmentRegion = en;
			hasScannedForEncodings = 0;
			knownRegions = (
				en,
				Base,
			);
			mainGroup = 2711C084265F4BFF00032EE9;
			productRefGroup = 2711C08E265F4BFF00032EE9 /* Products */;
			projectDirPath = "";
			projectRoot = "";
			targets = (
				2711C08C265F4BFF00032EE9 /* Scene-Trans01 */,
				2711C0A2265F4C0000032EE9 /* Scene-Trans01Tests */,
				2711C0AD265F4C0000032EE9 /* Scene-Trans01UITests */,
			);
		};
/* End PBXProject section */

/* Begin PBXResourcesBuildPhase section */
		2711C08B265F4BFF00032EE9 /* Resources */ = {
			isa = PBXResourcesBuildPhase;
			buildActionMask = 2147483647;
			files = (
				2711C09D265F4C0000032EE9 /* LaunchScreen.storyboard in Resources */,
				2711C09A265F4C0000032EE9 /* Assets.xcassets in Resources */,
				2711C098265F4BFF00032EE9 /* Main.storyboard in Resources */,
			);
			runOnlyForDeploymentPostprocessing = 0;
		};
		2711C0A1265F4C0000032EE9 /* Resources */ = {
			isa = PBXResourcesBuildPhase;
			buildActionMask = 2147483647;
			files = (
			);
			runOnlyForDeploymentPostprocessing = 0;
		};
		2711C0AC265F4C0000032EE9 /* Resources */ = {
			isa = PBXResourcesBuildPhase;
			buildActionMask = 2147483647;
			files = (
			);
			runOnlyForDeploymentPostprocessing = 0;
		};
/* End PBXResourcesBuildPhase section */

/* Begin PBXSourcesBuildPhase section */
		2711C089265F4BFF00032EE9 /* Sources */ = {
			isa = PBXSourcesBuildPhase;
			buildActionMask = 2147483647;
			files = (
				2711C095265F4BFF00032EE9 /* ViewController.swift in Sources */,
				2711C091265F4BFF00032EE9 /* AppDelegate.swift in Sources */,
				2711C093265F4BFF00032EE9 /* SceneDelegate.swift in Sources */,
			);
			runOnlyForDeploymentPostprocessing = 0;
		};
		2711C09F265F4C0000032EE9 /* Sources */ = {
			isa = PBXSourcesBuildPhase;
			buildActionMask = 2147483647;
			files = (
				2711C0A8265F4C0000032EE9 /* Scene_Trans01Tests.swift in Sources */,
			);
			runOnlyForDeploymentPostprocessing = 0;
		};
		2711C0AA265F4C0000032EE9 /* Sources */ = {
			isa = PBXSourcesBuildPhase;
			buildActionMask = 2147483647;
			files = (
				2711C0B3265F4C0000032EE9 /* Scene_Trans01UITests.swift in Sources */,
			);
			runOnlyForDeploymentPostprocessing = 0;
		};
/* End PBXSourcesBuildPhase section */

/* Begin PBXTargetDependency section */
		2711C0A5265F4C0000032EE9 /* PBXTargetDependency */ = {
			isa = PBXTargetDependency;
			target = 2711C08C265F4BFF00032EE9 /* Scene-Trans01 */;
			targetProxy = 2711C0A4265F4C0000032EE9 /* PBXContainerItemProxy */;
		};
		2711C0B0265F4C0000032EE9 /* PBXTargetDependency */ = {
			isa = PBXTargetDependency;
			target = 2711C08C265F4BFF00032EE9 /* Scene-Trans01 */;
			targetProxy = 2711C0AF265F4C0000032EE9 /* PBXContainerItemProxy */;
		};
/* End PBXTargetDependency section */

/* Begin PBXVariantGroup section */
		2711C096265F4BFF00032EE9 /* Main.storyboard */ = {
			isa = PBXVariantGroup;
			children = (
				2711C097265F4BFF00032EE9 /* Base */,
			);
			name = Main.storyboard;
			sourceTree = "<group>";
		};
		2711C09B265F4C0000032EE9 /* LaunchScreen.storyboard */ = {
			isa = PBXVariantGroup;
			children = (
				2711C09C265F4C0000032EE9 /* Base */,
			);
			name = LaunchScreen.storyboard;
			sourceTree = "<group>";
		};
/* End PBXVariantGroup section */

/* Begin XCBuildConfiguration section */
		2711C0B5265F4C0000032EE9 /* Debug */ = {
			isa = XCBuildConfiguration;
			buildSettings = {
				ALWAYS_SEARCH_USER_PATHS = NO;
				CLANG_ANALYZER_NONNULL = YES;
				CLANG_ANALYZER_NUMBER_OBJECT_CONVERSION = YES_AGGRESSIVE;
				CLANG_CXX_LANGUAGE_STANDARD = "gnu++14";
				CLANG_CXX_LIBRARY = "libc++";
				CLANG_ENABLE_MODULES = YES;
				CLANG_ENABLE_OBJC_ARC = YES;
				CLANG_ENABLE_OBJC_WEAK = YES;
				CLANG_WARN_BLOCK_CAPTURE_AUTORELEASING = YES;
				CLANG_WARN_BOOL_CONVERSION = YES;
				CLANG_WARN_COMMA = YES;
				CLANG_WARN_CONSTANT_CONVERSION = YES;
				CLANG_WARN_DEPRECATED_OBJC_IMPLEMENTATIONS = YES;
				CLANG_WARN_DIRECT_OBJC_ISA_USAGE = YES_ERROR;
				CLANG_WARN_DOCUMENTATION_COMMENTS = YES;
				CLANG_WARN_EMPTY_BODY = YES;
				CLANG_WARN_ENUM_CONVERSION = YES;
				CLANG_WARN_INFINITE_RECURSION = YES;
				CLANG_WARN_INT_CONVERSION = YES;
				CLANG_WARN_NON_LITERAL_NULL_CONVERSION = YES;
				CLANG_WARN_OBJC_IMPLICIT_RETAIN_SELF = YES;
				CLANG_WARN_OBJC_LITERAL_CONVERSION = YES;
				CLANG_WARN_OBJC_ROOT_CLASS = YES_ERROR;
				CLANG_WARN_QUOTED_INCLUDE_IN_FRAMEWORK_HEADER = YES;
				CLANG_WARN_RANGE_LOOP_ANALYSIS = YES;
				CLANG_WARN_STRICT_PROTOTYPES = YES;
				CLANG_WARN_SUSPICIOUS_MOVE = YES;
				CLANG_WARN_UNGUARDED_AVAILABILITY = YES_AGGRESSIVE;
				CLANG_WARN_UNREACHABLE_CODE = YES;
				CLANG_WARN__DUPLICATE_METHOD_MATCH = YES;
				COPY_PHASE_STRIP = NO;
				DEBUG_INFORMATION_FORMAT = dwarf;
				ENABLE_STRICT_OBJC_MSGSEND = YES;
				ENABLE_TESTABILITY = YES;
				GCC_C_LANGUAGE_STANDARD = gnu11;
				GCC_DYNAMIC_NO_PIC = NO;
				GCC_NO_COMMON_BLOCKS = YES;
				GCC_OPTIMIZATION_LEVEL = 0;
				GCC_PREPROCESSOR_DEFINITIONS = (
					"DEBUG=1",
					"$(inherited)",
				);
				GCC_WARN_64_TO_32_BIT_CONVERSION = YES;
				GCC_WARN_ABOUT_RETURN_TYPE = YES_ERROR;
				GCC_WARN_UNDECLARED_SELECTOR = YES;
				GCC_WARN_UNINITIALIZED_AUTOS = YES_AGGRESSIVE;
				GCC_WARN_UNUSED_FUNCTION = YES;
				GCC_WARN_UNUSED_VARIABLE = YES;
				IPHONEOS_DEPLOYMENT_TARGET = 14.4;
				MTL_ENABLE_DEBUG_INFO = INCLUDE_SOURCE;
				MTL_FAST_MATH = YES;
				ONLY_ACTIVE_ARCH = YES;
				SDKROOT = iphoneos;
				SWIFT_ACTIVE_COMPILATION_CONDITIONS = DEBUG;
				SWIFT_OPTIMIZATION_LEVEL = "-Onone";
			};
			name = Debug;
		};
		2711C0B6265F4C0000032EE9 /* Release */ = {
			isa = XCBuildConfiguration;
			buildSettings = {
				ALWAYS_SEARCH_USER_PATHS = NO;
				CLANG_ANALYZER_NONNULL = YES;
				CLANG_ANALYZER_NUMBER_OBJECT_CONVERSION = YES_AGGRESSIVE;
				CLANG_CXX_LANGUAGE_STANDARD = "gnu++14";
				CLANG_CXX_LIBRARY = "libc++";
				CLANG_ENABLE_MODULES = YES;
				CLANG_ENABLE_OBJC_ARC = YES;
				CLANG_ENABLE_OBJC_WEAK = YES;
				CLANG_WARN_BLOCK_CAPTURE_AUTORELEASING = YES;
				CLANG_WARN_BOOL_CONVERSION = YES;
				CLANG_WARN_COMMA = YES;
				CLANG_WARN_CONSTANT_CONVERSION = YES;
				CLANG_WARN_DEPRECATED_OBJC_IMPLEMENTATIONS = YES;
				CLANG_WARN_DIRECT_OBJC_ISA_USAGE = YES_ERROR;
				CLANG_WARN_DOCUMENTATION_COMMENTS = YES;
				CLANG_WARN_EMPTY_BODY = YES;
				CLANG_WARN_ENUM_CONVERSION = YES;
				CLANG_WARN_INFINITE_RECURSION = YES;
				CLANG_WARN_INT_CONVERSION = YES;
				CLANG_WARN_NON_LITERAL_NULL_CONVERSION = YES;
				CLANG_WARN_OBJC_IMPLICIT_RETAIN_SELF = YES;
				CLANG_WARN_OBJC_LITERAL_CONVERSION = YES;
				CLANG_WARN_OBJC_ROOT_CLASS = YES_ERROR;
				CLANG_WARN_QUOTED_INCLUDE_IN_FRAMEWORK_HEADER = YES;
				CLANG_WARN_RANGE_LOOP_ANALYSIS = YES;
				CLANG_WARN_STRICT_PROTOTYPES = YES;
				CLANG_WARN_SUSPICIOUS_MOVE = YES;
				CLANG_WARN_UNGUARDED_AVAILABILITY = YES_AGGRESSIVE;
				CLANG_WARN_UNREACHABLE_CODE = YES;
				CLANG_WARN__DUPLICATE_METHOD_MATCH = YES;
				COPY_PHASE_STRIP = NO;
				DEBUG_INFORMATION_FORMAT = "dwarf-with-dsym";
				ENABLE_NS_ASSERTIONS = NO;
				ENABLE_STRICT_OBJC_MSGSEND = YES;
				GCC_C_LANGUAGE_STANDARD = gnu11;
				GCC_NO_COMMON_BLOCKS = YES;
				GCC_WARN_64_TO_32_BIT_CONVERSION = YES;
				GCC_WARN_ABOUT_RETURN_TYPE = YES_ERROR;
				GCC_WARN_UNDECLARED_SELECTOR = YES;
				GCC_WARN_UNINITIALIZED_AUTOS = YES_AGGRESSIVE;
				GCC_WARN_UNUSED_FUNCTION = YES;
				GCC_WARN_UNUSED_VARIABLE = YES;
				IPHONEOS_DEPLOYMENT_TARGET = 14.4;
				MTL_ENABLE_DEBUG_INFO = NO;
				MTL_FAST_MATH = YES;
				SDKROOT = iphoneos;
				SWIFT_COMPILATION_MODE = wholemodule;
				SWIFT_OPTIMIZATION_LEVEL = "-O";
				VALIDATE_PRODUCT = YES;
			};
			name = Release;
		};
		2711C0B8265F4C0000032EE9 /* Debug */ = {
			isa = XCBuildConfiguration;
			buildSettings = {
				ASSETCATALOG_COMPILER_APPICON_NAME = AppIcon;
				ASSETCATALOG_COMPILER_GLOBAL_ACCENT_COLOR_NAME = AccentColor;
				CODE_SIGN_STYLE = Automatic;
				INFOPLIST_FILE = "Scene-Trans01/Info.plist";
				LD_RUNPATH_SEARCH_PATHS = (
					"$(inherited)",
					"@executable_path/Frameworks",
				);
				PRODUCT_BUNDLE_IDENTIFIER = "com.jackpark.Scene-Trans01";
				PRODUCT_NAME = "$(TARGET_NAME)";
				SWIFT_VERSION = 5.0;
				TARGETED_DEVICE_FAMILY = "1,2";
			};
			name = Debug;
		};
		2711C0B9265F4C0000032EE9 /* Release */ = {
			isa = XCBuildConfiguration;
			buildSettings = {
				ASSETCATALOG_COMPILER_APPICON_NAME = AppIcon;
				ASSETCATALOG_COMPILER_GLOBAL_ACCENT_COLOR_NAME = AccentColor;
				CODE_SIGN_STYLE = Automatic;
				INFOPLIST_FILE = "Scene-Trans01/Info.plist";
				LD_RUNPATH_SEARCH_PATHS = (
					"$(inherited)",
					"@executable_path/Frameworks",
				);
				PRODUCT_BUNDLE_IDENTIFIER = "com.jackpark.Scene-Trans01";
				PRODUCT_NAME = "$(TARGET_NAME)";
				SWIFT_VERSION = 5.0;
				TARGETED_DEVICE_FAMILY = "1,2";
			};
			name = Release;
		};
		2711C0BB265F4C0000032EE9 /* Debug */ = {
			isa = XCBuildConfiguration;
			buildSettings = {
				ALWAYS_EMBED_SWIFT_STANDARD_LIBRARIES = YES;
				BUNDLE_LOADER = "$(TEST_HOST)";
				CODE_SIGN_STYLE = Automatic;
				INFOPLIST_FILE = "Scene-Trans01Tests/Info.plist";
				IPHONEOS_DEPLOYMENT_TARGET = 14.4;
				LD_RUNPATH_SEARCH_PATHS = (
					"$(inherited)",
					"@executable_path/Frameworks",
					"@loader_path/Frameworks",
				);
				PRODUCT_BUNDLE_IDENTIFIER = "com.jackpark.Scene-Trans01Tests";
				PRODUCT_NAME = "$(TARGET_NAME)";
				SWIFT_VERSION = 5.0;
				TARGETED_DEVICE_FAMILY = "1,2";
				TEST_HOST = "$(BUILT_PRODUCTS_DIR)/Scene-Trans01.app/Scene-Trans01";
			};
			name = Debug;
		};
		2711C0BC265F4C0000032EE9 /* Release */ = {
			isa = XCBuildConfiguration;
			buildSettings = {
				ALWAYS_EMBED_SWIFT_STANDARD_LIBRARIES = YES;
				BUNDLE_LOADER = "$(TEST_HOST)";
				CODE_SIGN_STYLE = Automatic;
				INFOPLIST_FILE = "Scene-Trans01Tests/Info.plist";
				IPHONEOS_DEPLOYMENT_TARGET = 14.4;
				LD_RUNPATH_SEARCH_PATHS = (
					"$(inherited)",
					"@executable_path/Frameworks",
					"@loader_path/Frameworks",
				);
				PRODUCT_BUNDLE_IDENTIFIER = "com.jackpark.Scene-Trans01Tests";
				PRODUCT_NAME = "$(TARGET_NAME)";
				SWIFT_VERSION = 5.0;
				TARGETED_DEVICE_FAMILY = "1,2";
				TEST_HOST = "$(BUILT_PRODUCTS_DIR)/Scene-Trans01.app/Scene-Trans01";
			};
			name = Release;
		};
		2711C0BE265F4C0000032EE9 /* Debug */ = {
			isa = XCBuildConfiguration;
			buildSettings = {
				ALWAYS_EMBED_SWIFT_STANDARD_LIBRARIES = YES;
				CODE_SIGN_STYLE = Automatic;
				INFOPLIST_FILE = "Scene-Trans01UITests/Info.plist";
				LD_RUNPATH_SEARCH_PATHS = (
					"$(inherited)",
					"@executable_path/Frameworks",
					"@loader_path/Frameworks",
				);
				PRODUCT_BUNDLE_IDENTIFIER = "com.jackpark.Scene-Trans01UITests";
				PRODUCT_NAME = "$(TARGET_NAME)";
				SWIFT_VERSION = 5.0;
				TARGETED_DEVICE_FAMILY = "1,2";
				TEST_TARGET_NAME = "Scene-Trans01";
			};
			name = Debug;
		};
		2711C0BF265F4C0000032EE9 /* Release */ = {
			isa = XCBuildConfiguration;
			buildSettings = {
				ALWAYS_EMBED_SWIFT_STANDARD_LIBRARIES = YES;
				CODE_SIGN_STYLE = Automatic;
				INFOPLIST_FILE = "Scene-Trans01UITests/Info.plist";
				LD_RUNPATH_SEARCH_PATHS = (
					"$(inherited)",
					"@executable_path/Frameworks",
					"@loader_path/Frameworks",
				);
				PRODUCT_BUNDLE_IDENTIFIER = "com.jackpark.Scene-Trans01UITests";
				PRODUCT_NAME = "$(TARGET_NAME)";
				SWIFT_VERSION = 5.0;
				TARGETED_DEVICE_FAMILY = "1,2";
				TEST_TARGET_NAME = "Scene-Trans01";
			};
			name = Release;
		};
/* End XCBuildConfiguration section */

/* Begin XCConfigurationList section */
		2711C088265F4BFF00032EE9 /* Build configuration list for PBXProject "Scene-Trans01" */ = {
			isa = XCConfigurationList;
			buildConfigurations = (
				2711C0B5265F4C0000032EE9 /* Debug */,
				2711C0B6265F4C0000032EE9 /* Release */,
			);
			defaultConfigurationIsVisible = 0;
			defaultConfigurationName = Release;
		};
		2711C0B7265F4C0000032EE9 /* Build configuration list for PBXNativeTarget "Scene-Trans01" */ = {
			isa = XCConfigurationList;
			buildConfigurations = (
				2711C0B8265F4C0000032EE9 /* Debug */,
				2711C0B9265F4C0000032EE9 /* Release */,
			);
			defaultConfigurationIsVisible = 0;
			defaultConfigurationName = Release;
		};
		2711C0BA265F4C0000032EE9 /* Build configuration list for PBXNativeTarget "Scene-Trans01Tests" */ = {
			isa = XCConfigurationList;
			buildConfigurations = (
				2711C0BB265F4C0000032EE9 /* Debug */,
				2711C0BC265F4C0000032EE9 /* Release */,
			);
			defaultConfigurationIsVisible = 0;
			defaultConfigurationName = Release;
		};
		2711C0BD265F4C0000032EE9 /* Build configuration list for PBXNativeTarget "Scene-Trans01UITests" */ = {
			isa = XCConfigurationList;
			buildConfigurations = (
				2711C0BE265F4C0000032EE9 /* Debug */,
				2711C0BF265F4C0000032EE9 /* Release */,
			);
			defaultConfigurationIsVisible = 0;
			defaultConfigurationName = Release;
		};
/* End XCConfigurationList section */
	};
	rootObject = 2711C085265F4BFF00032EE9 /* Project object */;
}
